// !$*UTF8*$!
{
	archiveVersion = 1;
	classes = {
	};
	objectVersion = 46;
	objects = {

/* Begin PBXBuildFile section */
		658896171C0C5592006FD6BF /* ZJTPropertyHelper.m in Sources */ = {isa = PBXBuildFile; fileRef = 658896161C0C5592006FD6BF /* ZJTPropertyHelper.m */; };
		6588961B1C0C55FB006FD6BF /* PropertyManager.m in Sources */ = {isa = PBXBuildFile; fileRef = 6588961A1C0C55FB006FD6BF /* PropertyManager.m */; };
		658E43251C0C54DE003BF9E4 /* main.m in Sources */ = {isa = PBXBuildFile; fileRef = 658E43241C0C54DE003BF9E4 /* main.m */; };
		658E43281C0C54DE003BF9E4 /* AppDelegate.m in Sources */ = {isa = PBXBuildFile; fileRef = 658E43271C0C54DE003BF9E4 /* AppDelegate.m */; };
		658E432B1C0C54DE003BF9E4 /* ViewController.m in Sources */ = {isa = PBXBuildFile; fileRef = 658E432A1C0C54DE003BF9E4 /* ViewController.m */; };
		658E432E1C0C54DE003BF9E4 /* Main.storyboard in Resources */ = {isa = PBXBuildFile; fileRef = 658E432C1C0C54DE003BF9E4 /* Main.storyboard */; };
		658E43301C0C54DE003BF9E4 /* Assets.xcassets in Resources */ = {isa = PBXBuildFile; fileRef = 658E432F1C0C54DE003BF9E4 /* Assets.xcassets */; };
		658E43331C0C54DE003BF9E4 /* LaunchScreen.storyboard in Resources */ = {isa = PBXBuildFile; fileRef = 658E43311C0C54DE003BF9E4 /* LaunchScreen.storyboard */; };
/* End PBXBuildFile section */

/* Begin PBXFileReference section */
		658896151C0C5592006FD6BF /* ZJTPropertyHelper.h */ = {isa = PBXFileReference; fileEncoding = 4; lastKnownFileType = sourcecode.c.h; path = ZJTPropertyHelper.h; sourceTree = "<group>"; };
		658896161C0C5592006FD6BF /* ZJTPropertyHelper.m */ = {isa = PBXFileReference; fileEncoding = 4; lastKnownFileType = sourcecode.c.objc; path = ZJTPropertyHelper.m; sourceTree = "<group>"; };
		658896191C0C55FB006FD6BF /* PropertyManager.h */ = {isa = PBXFileReference; fileEncoding = 4; lastKnownFileType = sourcecode.c.h; path = PropertyManager.h; sourceTree = "<group>"; };
		6588961A1C0C55FB006FD6BF /* PropertyManager.m */ = {isa = PBXFileReference; fileEncoding = 4; lastKnownFileType = sourcecode.c.objc; path = PropertyManager.m; sourceTree = "<group>"; };
		658E43201C0C54DE003BF9E4 /* ZJTPropertyHelperDemo.app */ = {isa = PBXFileReference; explicitFileType = wrapper.application; includeInIndex = 0; path = ZJTPropertyHelperDemo.app; sourceTree = BUILT_PRODUCTS_DIR; };
		658E43241C0C54DE003BF9E4 /* main.m */ = {isa = PBXFileReference; lastKnownFileType = sourcecode.c.objc; path = main.m; sourceTree = "<group>"; };
		658E43261C0C54DE003BF9E4 /* AppDelegate.h */ = {isa = PBXFileReference; lastKnownFileType = sourcecode.c.h; path = AppDelegate.h; sourceTree = "<group>"; };
		658E43271C0C54DE003BF9E4 /* AppDelegate.m */ = {isa = PBXFileReference; lastKnownFileType = sourcecode.c.objc; path = AppDelegate.m; sourceTree = "<group>"; };
		658E43291C0C54DE003BF9E4 /* ViewController.h */ = {isa = PBXFileReference; lastKnownFileType = sourcecode.c.h; path = ViewController.h; sourceTree = "<group>"; };
		658E432A1C0C54DE003BF9E4 /* ViewController.m */ = {isa = PBXFileReference; lastKnownFileType = sourcecode.c.objc; path = ViewController.m; sourceTree = "<group>"; };
		658E432D1C0C54DE003BF9E4 /* Base */ = {isa = PBXFileReference; lastKnownFileType = file.storyboard; name = Base; path = Base.lproj/Main.storyboard; sourceTree = "<group>"; };
		658E432F1C0C54DE003BF9E4 /* Assets.xcassets */ = {isa = PBXFileReference; lastKnownFileType = folder.assetcatalog; path = Assets.xcassets; sourceTree = "<group>"; };
		658E43321C0C54DE003BF9E4 /* Base */ = {isa = PBXFileReference; lastKnownFileType = file.storyboard; name = Base; path = Base.lproj/LaunchScreen.storyboard; sourceTree = "<group>"; };
		658E43341C0C54DE003BF9E4 /* Info.plist */ = {isa = PBXFileReference; lastKnownFileType = text.plist.xml; path = Info.plist; sourceTree = "<group>"; };
/* End PBXFileReference section */

/* Begin PBXFrameworksBuildPhase section */
		658E431D1C0C54DE003BF9E4 /* Frameworks */ = {
			isa = PBXFrameworksBuildPhase;
			buildActionMask = 2147483647;
			files = (
			);
			runOnlyForDeploymentPostprocessing = 0;
		};
/* End PBXFrameworksBuildPhase section */

/* Begin PBXGroup section */
		658896141C0C5585006FD6BF /* ZJTPropertyHelper */ = {
			isa = PBXGroup;
			children = (
				658896151C0C5592006FD6BF /* ZJTPropertyHelper.h */,
				658896161C0C5592006FD6BF /* ZJTPropertyHelper.m */,
			);
			path = ZJTPropertyHelper;
			sourceTree = "<group>";
		};
		658E43171C0C54DE003BF9E4 = {
			isa = PBXGroup;
			children = (
				658E43221C0C54DE003BF9E4 /* ZJTPropertyHelperDemo */,
				658E43211C0C54DE003BF9E4 /* Products */,
			);
			sourceTree = "<group>";
		};
		658E43211C0C54DE003BF9E4 /* Products */ = {
			isa = PBXGroup;
			children = (
				658E43201C0C54DE003BF9E4 /* ZJTPropertyHelperDemo.app */,
			);
			name = Products;
			sourceTree = "<group>";
		};
		658E43221C0C54DE003BF9E4 /* ZJTPropertyHelperDemo */ = {
			isa = PBXGroup;
			children = (
				658896141C0C5585006FD6BF /* ZJTPropertyHelper */,
				658E43261C0C54DE003BF9E4 /* AppDelegate.h */,
				658E43271C0C54DE003BF9E4 /* AppDelegate.m */,
				658E43291C0C54DE003BF9E4 /* ViewController.h */,
				658E432A1C0C54DE003BF9E4 /* ViewController.m */,
				658896191C0C55FB006FD6BF /* PropertyManager.h */,
				6588961A1C0C55FB006FD6BF /* PropertyManager.m */,
				658E432C1C0C54DE003BF9E4 /* Main.storyboard */,
				658E432F1C0C54DE003BF9E4 /* Assets.xcassets */,
				658E43311C0C54DE003BF9E4 /* LaunchScreen.storyboard */,
				658E43341C0C54DE003BF9E4 /* Info.plist */,
				658E43231C0C54DE003BF9E4 /* Supporting Files */,
			);
			path = ZJTPropertyHelperDemo;
			sourceTree = "<group>";
		};
		658E43231C0C54DE003BF9E4 /* Supporting Files */ = {
			isa = PBXGroup;
			children = (
				658E43241C0C54DE003BF9E4 /* main.m */,
			);
			name = "Supporting Files";
			sourceTree = "<group>";
		};
/* End PBXGroup section */

/* Begin PBXNativeTarget section */
		658E431F1C0C54DE003BF9E4 /* ZJTPropertyHelperDemo */ = {
			isa = PBXNativeTarget;
			buildConfigurationList = 658E43371C0C54DE003BF9E4 /* Build configuration list for PBXNativeTarget "ZJTPropertyHelperDemo" */;
			buildPhases = (
				658E431C1C0C54DE003BF9E4 /* Sources */,
				658E431D1C0C54DE003BF9E4 /* Frameworks */,
				658E431E1C0C54DE003BF9E4 /* Resources */,
			);
			buildRules = (
			);
			dependencies = (
			);
			name = ZJTPropertyHelperDemo;
			productName = ZJTPropertyHelperDemo;
			productReference = 658E43201C0C54DE003BF9E4 /* ZJTPropertyHelperDemo.app */;
			productType = "com.apple.product-type.application";
		};
/* End PBXNativeTarget section */

/* Begin PBXProject section */
		658E43181C0C54DE003BF9E4 /* Project object */ = {
			isa = PBXProject;
			attributes = {
				LastUpgradeCheck = 0710;
				ORGANIZATIONNAME = ZJTSoft;
				TargetAttributes = {
					658E431F1C0C54DE003BF9E4 = {
						CreatedOnToolsVersion = 7.1;
					};
				};
			};
			buildConfigurationList = 658E431B1C0C54DE003BF9E4 /* Build configuration list for PBXProject "ZJTPropertyHelperDemo" */;
			compatibilityVersion = "Xcode 3.2";
			developmentRegion = English;
			hasScannedForEncodings = 0;
			knownRegions = (
				en,
				Base,
			);
			mainGroup = 658E43171C0C54DE003BF9E4;
			productRefGroup = 658E43211C0C54DE003BF9E4 /* Products */;
			projectDirPath = "";
			projectRoot = "";
			targets = (
				658E431F1C0C54DE003BF9E4 /* ZJTPropertyHelperDemo */,
			);
		};
/* End PBXProject section */

/* Begin PBXResourcesBuildPhase section */
		658E431E1C0C54DE003BF9E4 /* Resources */ = {
			isa = PBXResourcesBuildPhase;
			buildActionMask = 2147483647;
			files = (
				658E43331C0C54DE003BF9E4 /* LaunchScreen.storyboard in Resources */,
				658E43301C0C54DE003BF9E4 /* Assets.xcassets in Resources */,
				658E432E1C0C54DE003BF9E4 /* Main.storyboard in Resources */,
			);
			runOnlyForDeploymentPostprocessing = 0;
		};
/* End PBXResourcesBuildPhase section */

/* Begin PBXSourcesBuildPhase section */
		658E431C1C0C54DE003BF9E4 /* Sources */ = {
			isa = PBXSourcesBuildPhase;
			buildActionMask = 2147483647;
			files = (
				658E432B1C0C54DE003BF9E4 /* ViewController.m in Sources */,
				658E43281C0C54DE003BF9E4 /* AppDelegate.m in Sources */,
				6588961B1C0C55FB006FD6BF /* PropertyManager.m in Sources */,
				658E43251C0C54DE003BF9E4 /* main.m in Sources */,
				658896171C0C5592006FD6BF /* ZJTPropertyHelper.m in Sources */,
			);
			runOnlyForDeploymentPostprocessing = 0;
		};
/* End PBXSourcesBuildPhase section */

/* Begin PBXVariantGroup section */
		658E432C1C0C54DE003BF9E4 /* Main.storyboard */ = {
			isa = PBXVariantGroup;
			children = (
				658E432D1C0C54DE003BF9E4 /* Base */,
			);
			name = Main.storyboard;
			sourceTree = "<group>";
		};
		658E43311C0C54DE003BF9E4 /* LaunchScreen.storyboard */ = {
			isa = PBXVariantGroup;
			children = (
				658E43321C0C54DE003BF9E4 /* Base */,
			);
			name = LaunchScreen.storyboard;
			sourceTree = "<group>";
		};
/* End PBXVariantGroup section */

/* Begin XCBuildConfiguration section */
		658E43351C0C54DE003BF9E4 /* Debug */ = {
			isa = XCBuildConfiguration;
			buildSettings = {
				ALWAYS_SEARCH_USER_PATHS = NO;
				CLANG_CXX_LANGUAGE_STANDARD = "gnu++0x";
				CLANG_CXX_LIBRARY = "libc++";
				CLANG_ENABLE_MODULES = YES;
				CLANG_ENABLE_OBJC_ARC = YES;
				CLANG_WARN_BOOL_CONVERSION = YES;
				CLANG_WARN_CONSTANT_CONVERSION = YES;
				CLANG_WARN_DIRECT_OBJC_ISA_USAGE = YES_ERROR;
				CLANG_WARN_EMPTY_BODY = YES;
				CLANG_WARN_ENUM_CONVERSION = YES;
				CLANG_WARN_INT_CONVERSION = YES;
				CLANG_WARN_OBJC_ROOT_CLASS = YES_ERROR;
				CLANG_WARN_UNREACHABLE_CODE = YES;
				CLANG_WARN__DUPLICATE_METHOD_MATCH = YES;
				"CODE_SIGN_IDENTITY[sdk=iphoneos*]" = "iPhone Developer";
				COPY_PHASE_STRIP = NO;
				DEBUG_INFORMATION_FORMAT = dwarf;
				ENABLE_STRICT_OBJC_MSGSEND = YES;
				ENABLE_TESTABILITY = YES;
				GCC_C_LANGUAGE_STANDARD = gnu99;
				GCC_DYNAMIC_NO_PIC = NO;
				GCC_NO_COMMON_BLOCKS = YES;
				GCC_OPTIMIZATION_LEVEL = 0;
				GCC_PREPROCESSOR_DEFINITIONS = (
					"DEBUG=1",
					"$(inherited)",
				);
				GCC_WARN_64_TO_32_BIT_CONVERSION = YES;
				GCC_WARN_ABOUT_RETURN_TYPE = YES_ERROR;
				GCC_WARN_UNDECLARED_SELECTOR = YES;
				GCC_WARN_UNINITIALIZED_AUTOS = YES_AGGRESSIVE;
				GCC_WARN_UNUSED_FUNCTION = YES;
				GCC_WARN_UNUSED_VARIABLE = YES;
				IPHONEOS_DEPLOYMENT_TARGET = 9.1;
				MTL_ENABLE_DEBUG_INFO = YES;
				ONLY_ACTIVE_ARCH = YES;
				SDKROOT = iphoneos;
			};
			name = Debug;
		};
		658E43361C0C54DE003BF9E4 /* Release */ = {
			isa = XCBuildConfiguration;
			buildSettings = {
				ALWAYS_SEARCH_USER_PATHS = NO;
				CLANG_CXX_LANGUAGE_STANDARD = "gnu++0x";
				CLANG_CXX_LIBRARY = "libc++";
				CLANG_ENABLE_MODULES = YES;
				CLANG_ENABLE_OBJC_ARC = YES;
				CLANG_WARN_BOOL_CONVERSION = YES;
				CLANG_WARN_CONSTANT_CONVERSION = YES;
				CLANG_WARN_DIRECT_OBJC_ISA_USAGE = YES_ERROR;
				CLANG_WARN_EMPTY_BODY = YES;
				CLANG_WARN_ENUM_CONVERSION = YES;
				CLANG_WARN_INT_CONVERSION = YES;
				CLANG_WARN_OBJC_ROOT_CLASS = YES_ERROR;
				CLANG_WARN_UNREACHABLE_CODE = YES;
				CLANG_WARN__DUPLICATE_METHOD_MATCH = YES;
				"CODE_SIGN_IDENTITY[sdk=iphoneos*]" = "iPhone Developer";
				COPY_PHASE_STRIP = NO;
				DEBUG_INFORMATION_FORMAT = "dwarf-with-dsym";
				ENABLE_NS_ASSERTIONS = NO;
				ENABLE_STRICT_OBJC_MSGSEND = YES;
				GCC_C_LANGUAGE_STANDARD = gnu99;
				GCC_NO_COMMON_BLOCKS = YES;
				GCC_WARN_64_TO_32_BIT_CONVERSION = YES;
				GCC_WARN_ABOUT_RETURN_TYPE = YES_ERROR;
				GCC_WARN_UNDECLARED_SELECTOR = YES;
				GCC_WARN_UNINITIALIZED_AUTOS = YES_AGGRESSIVE;
				GCC_WARN_UNUSED_FUNCTION = YES;
				GCC_WARN_UNUSED_VARIABLE = YES;
				IPHONEOS_DEPLOYMENT_TARGET = 9.1;
				MTL_ENABLE_DEBUG_INFO = NO;
				SDKROOT = iphoneos;
				VALIDATE_PRODUCT = YES;
			};
			name = Release;
		};
		658E43381C0C54DE003BF9E4 /* Debug */ = {
			isa = XCBuildConfiguration;
			buildSettings = {
				ASSETCATALOG_COMPILER_APPICON_NAME = AppIcon;
				INFOPLIST_FILE = ZJTPropertyHelperDemo/Info.plist;
				LD_RUNPATH_SEARCH_PATHS = "$(inherited) @executable_path/Frameworks";
				PRODUCT_BUNDLE_IDENTIFIER = ZJTSoft.ZJTPropertyHelperDemo;
				PRODUCT_NAME = "$(TARGET_NAME)";
			};
			name = Debug;
		};
		658E43391C0C54DE003BF9E4 /* Release */ = {
			isa = XCBuildConfiguration;
			buildSettings = {
				ASSETCATALOG_COMPILER_APPICON_NAME = AppIcon;
				INFOPLIST_FILE = ZJTPropertyHelperDemo/Info.plist;
				LD_RUNPATH_SEARCH_PATHS = "$(inherited) @executable_path/Frameworks";
				PRODUCT_BUNDLE_IDENTIFIER = ZJTSoft.ZJTPropertyHelperDemo;
				PRODUCT_NAME = "$(TARGET_NAME)";
			};
			name = Release;
		};
/* End XCBuildConfiguration section */

/* Begin XCConfigurationList section */
		658E431B1C0C54DE003BF9E4 /* Build configuration list for PBXProject "ZJTPropertyHelperDemo" */ = {
			isa = XCConfigurationList;
			buildConfigurations = (
				658E43351C0C54DE003BF9E4 /* Debug */,
				658E43361C0C54DE003BF9E4 /* Release */,
			);
			defaultConfigurationIsVisible = 0;
			defaultConfigurationName = Release;
		};
		658E43371C0C54DE003BF9E4 /* Build configuration list for PBXNativeTarget "ZJTPropertyHelperDemo" */ = {
			isa = XCConfigurationList;
			buildConfigurations = (
				658E43381C0C54DE003BF9E4 /* Debug */,
				658E43391C0C54DE003BF9E4 /* Release */,
			);
			defaultConfigurationIsVisible = 0;
			defaultConfigurationName = Release;
		};
/* End XCConfigurationList section */
	};
	rootObject = 658E43181C0C54DE003BF9E4 /* Project object */;
}
